// !$*UTF8*$!
{
	archiveVersion = 1;
	classes = {
	};
	objectVersion = 50;
	objects = {

/* Begin PBXBuildFile section */
		7F1073D9259D572D00D7A33A /* Meals.xcdatamodeld in Sources */ = {isa = PBXBuildFile; fileRef = 7F1073D7259D572D00D7A33A /* Meals.xcdatamodeld */; };
		7F1073E5259D58F200D7A33A /* DishRow.swift in Sources */ = {isa = PBXBuildFile; fileRef = 7F1073E4259D58F200D7A33A /* DishRow.swift */; };
		7F1073F025A0423600D7A33A /* MealView.swift in Sources */ = {isa = PBXBuildFile; fileRef = 7F1073EF25A0423600D7A33A /* MealView.swift */; };
		7F1073FD25A2B51A00D7A33A /* MealListView.swift in Sources */ = {isa = PBXBuildFile; fileRef = 7F1073FC25A2B51A00D7A33A /* MealListView.swift */; };
		7F10740425A347F900D7A33A /* Dish+CoreDataClass.swift in Sources */ = {isa = PBXBuildFile; fileRef = 7F10740025A347F900D7A33A /* Dish+CoreDataClass.swift */; };
		7F10740525A347F900D7A33A /* Dish+CoreDataProperties.swift in Sources */ = {isa = PBXBuildFile; fileRef = 7F10740125A347F900D7A33A /* Dish+CoreDataProperties.swift */; };
		7F10740A25A49E8600D7A33A /* DishRowSelect.swift in Sources */ = {isa = PBXBuildFile; fileRef = 7F10740925A49E8500D7A33A /* DishRowSelect.swift */; };
		7F10741325A5F46200D7A33A /* Meal+CoreDataClass.swift in Sources */ = {isa = PBXBuildFile; fileRef = 7F10741125A5F46200D7A33A /* Meal+CoreDataClass.swift */; };
		7F10741425A5F46200D7A33A /* Meal+CoreDataProperties.swift in Sources */ = {isa = PBXBuildFile; fileRef = 7F10741225A5F46200D7A33A /* Meal+CoreDataProperties.swift */; };
		7F44370C25ADD3680002ED32 /* MealViewModel.swift in Sources */ = {isa = PBXBuildFile; fileRef = 7F44370B25ADD3680002ED32 /* MealViewModel.swift */; };
		7F9F422E25879BC40014B79E /* LunchAndDinnerApp.swift in Sources */ = {isa = PBXBuildFile; fileRef = 7F9F422D25879BC40014B79E /* LunchAndDinnerApp.swift */; };
		7F9F423025879BC40014B79E /* DishListView.swift in Sources */ = {isa = PBXBuildFile; fileRef = 7F9F422F25879BC40014B79E /* DishListView.swift */; };
		7F9F423225879BCA0014B79E /* Assets.xcassets in Resources */ = {isa = PBXBuildFile; fileRef = 7F9F423125879BCA0014B79E /* Assets.xcassets */; };
		7F9F423525879BCA0014B79E /* Preview Assets.xcassets in Resources */ = {isa = PBXBuildFile; fileRef = 7F9F423425879BCA0014B79E /* Preview Assets.xcassets */; };
		7F9F423725879BCA0014B79E /* Persistence.swift in Sources */ = {isa = PBXBuildFile; fileRef = 7F9F423625879BCA0014B79E /* Persistence.swift */; };
		7F9F424B2587A06B0014B79E /* MyColor.xcassets in Resources */ = {isa = PBXBuildFile; fileRef = 7F9F424A2587A06B0014B79E /* MyColor.xcassets */; };
		7F9F425C258A39050014B79E /* AddDishView.swift in Sources */ = {isa = PBXBuildFile; fileRef = 7F9F425B258A39050014B79E /* AddDishView.swift */; };
/* End PBXBuildFile section */

/* Begin PBXFileReference section */
		7F1073D8259D572D00D7A33A /* Meals.xcdatamodel */ = {isa = PBXFileReference; lastKnownFileType = wrapper.xcdatamodel; path = Meals.xcdatamodel; sourceTree = "<group>"; };
		7F1073E4259D58F200D7A33A /* DishRow.swift */ = {isa = PBXFileReference; lastKnownFileType = sourcecode.swift; path = DishRow.swift; sourceTree = "<group>"; };
		7F1073EF25A0423600D7A33A /* MealView.swift */ = {isa = PBXFileReference; lastKnownFileType = sourcecode.swift; path = MealView.swift; sourceTree = "<group>"; };
		7F1073FC25A2B51A00D7A33A /* MealListView.swift */ = {isa = PBXFileReference; lastKnownFileType = sourcecode.swift; path = MealListView.swift; sourceTree = "<group>"; };
		7F10740025A347F900D7A33A /* Dish+CoreDataClass.swift */ = {isa = PBXFileReference; lastKnownFileType = sourcecode.swift; path = "Dish+CoreDataClass.swift"; sourceTree = "<group>"; };
		7F10740125A347F900D7A33A /* Dish+CoreDataProperties.swift */ = {isa = PBXFileReference; lastKnownFileType = sourcecode.swift; path = "Dish+CoreDataProperties.swift"; sourceTree = "<group>"; };
		7F10740925A49E8500D7A33A /* DishRowSelect.swift */ = {isa = PBXFileReference; fileEncoding = 4; lastKnownFileType = sourcecode.swift; path = DishRowSelect.swift; sourceTree = "<group>"; };
		7F10741125A5F46200D7A33A /* Meal+CoreDataClass.swift */ = {isa = PBXFileReference; lastKnownFileType = sourcecode.swift; path = "Meal+CoreDataClass.swift"; sourceTree = "<group>"; };
		7F10741225A5F46200D7A33A /* Meal+CoreDataProperties.swift */ = {isa = PBXFileReference; lastKnownFileType = sourcecode.swift; path = "Meal+CoreDataProperties.swift"; sourceTree = "<group>"; };
		7F44370B25ADD3680002ED32 /* MealViewModel.swift */ = {isa = PBXFileReference; lastKnownFileType = sourcecode.swift; path = MealViewModel.swift; sourceTree = "<group>"; };
		7F9F422A25879BC40014B79E /* LunchAndDinner.app */ = {isa = PBXFileReference; explicitFileType = wrapper.application; includeInIndex = 0; path = LunchAndDinner.app; sourceTree = BUILT_PRODUCTS_DIR; };
		7F9F422D25879BC40014B79E /* LunchAndDinnerApp.swift */ = {isa = PBXFileReference; lastKnownFileType = sourcecode.swift; path = LunchAndDinnerApp.swift; sourceTree = "<group>"; };
		7F9F422F25879BC40014B79E /* DishListView.swift */ = {isa = PBXFileReference; lastKnownFileType = sourcecode.swift; path = DishListView.swift; sourceTree = "<group>"; };
		7F9F423125879BCA0014B79E /* Assets.xcassets */ = {isa = PBXFileReference; lastKnownFileType = folder.assetcatalog; path = Assets.xcassets; sourceTree = "<group>"; };
		7F9F423425879BCA0014B79E /* Preview Assets.xcassets */ = {isa = PBXFileReference; lastKnownFileType = folder.assetcatalog; path = "Preview Assets.xcassets"; sourceTree = "<group>"; };
		7F9F423625879BCA0014B79E /* Persistence.swift */ = {isa = PBXFileReference; lastKnownFileType = sourcecode.swift; path = Persistence.swift; sourceTree = "<group>"; };
		7F9F423B25879BCA0014B79E /* Info.plist */ = {isa = PBXFileReference; lastKnownFileType = text.plist.xml; path = Info.plist; sourceTree = "<group>"; };
		7F9F424A2587A06B0014B79E /* MyColor.xcassets */ = {isa = PBXFileReference; lastKnownFileType = folder.assetcatalog; path = MyColor.xcassets; sourceTree = "<group>"; };
		7F9F425B258A39050014B79E /* AddDishView.swift */ = {isa = PBXFileReference; lastKnownFileType = sourcecode.swift; path = AddDishView.swift; sourceTree = "<group>"; };
/* End PBXFileReference section */

/* Begin PBXFrameworksBuildPhase section */
		7F9F422725879BC30014B79E /* Frameworks */ = {
			isa = PBXFrameworksBuildPhase;
			buildActionMask = 2147483647;
			files = (
			);
			runOnlyForDeploymentPostprocessing = 0;
		};
/* End PBXFrameworksBuildPhase section */

/* Begin PBXGroup section */
		7F9F422125879BC30014B79E = {
			isa = PBXGroup;
			children = (
				7F10741125A5F46200D7A33A /* Meal+CoreDataClass.swift */,
				7F10741225A5F46200D7A33A /* Meal+CoreDataProperties.swift */,
				7F10740025A347F900D7A33A /* Dish+CoreDataClass.swift */,
				7F10740125A347F900D7A33A /* Dish+CoreDataProperties.swift */,
				7F9F422C25879BC40014B79E /* LunchAndDinner */,
				7F9F422B25879BC40014B79E /* Products */,
			);
			sourceTree = "<group>";
		};
		7F9F422B25879BC40014B79E /* Products */ = {
			isa = PBXGroup;
			children = (
				7F9F422A25879BC40014B79E /* LunchAndDinner.app */,
			);
			name = Products;
			sourceTree = "<group>";
		};
		7F9F422C25879BC40014B79E /* LunchAndDinner */ = {
			isa = PBXGroup;
			children = (
				7F9F422D25879BC40014B79E /* LunchAndDinnerApp.swift */,
				7F9F422F25879BC40014B79E /* DishListView.swift */,
				7F1073E4259D58F200D7A33A /* DishRow.swift */,
				7F10740925A49E8500D7A33A /* DishRowSelect.swift */,
				7F9F425B258A39050014B79E /* AddDishView.swift */,
				7F1073EF25A0423600D7A33A /* MealView.swift */,
				7F44370B25ADD3680002ED32 /* MealViewModel.swift */,
				7F1073FC25A2B51A00D7A33A /* MealListView.swift */,
				7F9F424A2587A06B0014B79E /* MyColor.xcassets */,
				7F9F423125879BCA0014B79E /* Assets.xcassets */,
				7F9F423625879BCA0014B79E /* Persistence.swift */,
				7F9F423B25879BCA0014B79E /* Info.plist */,
				7F1073D7259D572D00D7A33A /* Meals.xcdatamodeld */,
				7F9F423325879BCA0014B79E /* Preview Content */,
			);
			path = LunchAndDinner;
			sourceTree = "<group>";
		};
		7F9F423325879BCA0014B79E /* Preview Content */ = {
			isa = PBXGroup;
			children = (
				7F9F423425879BCA0014B79E /* Preview Assets.xcassets */,
			);
			path = "Preview Content";
			sourceTree = "<group>";
		};
/* End PBXGroup section */

/* Begin PBXNativeTarget section */
		7F9F422925879BC30014B79E /* LunchAndDinner */ = {
			isa = PBXNativeTarget;
			buildConfigurationList = 7F9F423E25879BCA0014B79E /* Build configuration list for PBXNativeTarget "LunchAndDinner" */;
			buildPhases = (
				7F9F422625879BC30014B79E /* Sources */,
				7F9F422725879BC30014B79E /* Frameworks */,
				7F9F422825879BC30014B79E /* Resources */,
			);
			buildRules = (
			);
			dependencies = (
			);
			name = LunchAndDinner;
			productName = LunchAndDinner;
			productReference = 7F9F422A25879BC40014B79E /* LunchAndDinner.app */;
			productType = "com.apple.product-type.application";
		};
/* End PBXNativeTarget section */

/* Begin PBXProject section */
		7F9F422225879BC30014B79E /* Project object */ = {
			isa = PBXProject;
			attributes = {
				LastSwiftUpdateCheck = 1220;
				LastUpgradeCheck = 1220;
				TargetAttributes = {
					7F9F422925879BC30014B79E = {
						CreatedOnToolsVersion = 12.2;
					};
				};
			};
			buildConfigurationList = 7F9F422525879BC30014B79E /* Build configuration list for PBXProject "LunchAndDinner" */;
			compatibilityVersion = "Xcode 9.3";
			developmentRegion = en;
			hasScannedForEncodings = 0;
			knownRegions = (
				en,
				Base,
			);
			mainGroup = 7F9F422125879BC30014B79E;
			productRefGroup = 7F9F422B25879BC40014B79E /* Products */;
			projectDirPath = "";
			projectRoot = "";
			targets = (
				7F9F422925879BC30014B79E /* LunchAndDinner */,
			);
		};
/* End PBXProject section */

/* Begin PBXResourcesBuildPhase section */
		7F9F422825879BC30014B79E /* Resources */ = {
			isa = PBXResourcesBuildPhase;
			buildActionMask = 2147483647;
			files = (
				7F9F423525879BCA0014B79E /* Preview Assets.xcassets in Resources */,
				7F9F423225879BCA0014B79E /* Assets.xcassets in Resources */,
				7F9F424B2587A06B0014B79E /* MyColor.xcassets in Resources */,
			);
			runOnlyForDeploymentPostprocessing = 0;
		};
/* End PBXResourcesBuildPhase section */

/* Begin PBXSourcesBuildPhase section */
		7F9F422625879BC30014B79E /* Sources */ = {
			isa = PBXSourcesBuildPhase;
			buildActionMask = 2147483647;
			files = (
				7F9F423725879BCA0014B79E /* Persistence.swift in Sources */,
				7F44370C25ADD3680002ED32 /* MealViewModel.swift in Sources */,
				7F9F425C258A39050014B79E /* AddDishView.swift in Sources */,
				7F1073E5259D58F200D7A33A /* DishRow.swift in Sources */,
				7F10740A25A49E8600D7A33A /* DishRowSelect.swift in Sources */,
				7F9F423025879BC40014B79E /* DishListView.swift in Sources */,
				7F9F422E25879BC40014B79E /* LunchAndDinnerApp.swift in Sources */,
				7F10741425A5F46200D7A33A /* Meal+CoreDataProperties.swift in Sources */,
				7F10741325A5F46200D7A33A /* Meal+CoreDataClass.swift in Sources */,
				7F1073F025A0423600D7A33A /* MealView.swift in Sources */,
				7F1073D9259D572D00D7A33A /* Meals.xcdatamodeld in Sources */,
				7F10740525A347F900D7A33A /* Dish+CoreDataProperties.swift in Sources */,
				7F10740425A347F900D7A33A /* Dish+CoreDataClass.swift in Sources */,
				7F1073FD25A2B51A00D7A33A /* MealListView.swift in Sources */,
			);
			runOnlyForDeploymentPostprocessing = 0;
		};
/* End PBXSourcesBuildPhase section */

/* Begin XCBuildConfiguration section */
		7F9F423C25879BCA0014B79E /* Debug */ = {
			isa = XCBuildConfiguration;
			buildSettings = {
				ALWAYS_SEARCH_USER_PATHS = NO;
				CLANG_ANALYZER_NONNULL = YES;
				CLANG_ANALYZER_NUMBER_OBJECT_CONVERSION = YES_AGGRESSIVE;
				CLANG_CXX_LANGUAGE_STANDARD = "gnu++14";
				CLANG_CXX_LIBRARY = "libc++";
				CLANG_ENABLE_MODULES = YES;
				CLANG_ENABLE_OBJC_ARC = YES;
				CLANG_ENABLE_OBJC_WEAK = YES;
				CLANG_WARN_BLOCK_CAPTURE_AUTORELEASING = YES;
				CLANG_WARN_BOOL_CONVERSION = YES;
				CLANG_WARN_COMMA = YES;
				CLANG_WARN_CONSTANT_CONVERSION = YES;
				CLANG_WARN_DEPRECATED_OBJC_IMPLEMENTATIONS = YES;
				CLANG_WARN_DIRECT_OBJC_ISA_USAGE = YES_ERROR;
				CLANG_WARN_DOCUMENTATION_COMMENTS = YES;
				CLANG_WARN_EMPTY_BODY = YES;
				CLANG_WARN_ENUM_CONVERSION = YES;
				CLANG_WARN_INFINITE_RECURSION = YES;
				CLANG_WARN_INT_CONVERSION = YES;
				CLANG_WARN_NON_LITERAL_NULL_CONVERSION = YES;
				CLANG_WARN_OBJC_IMPLICIT_RETAIN_SELF = YES;
				CLANG_WARN_OBJC_LITERAL_CONVERSION = YES;
				CLANG_WARN_OBJC_ROOT_CLASS = YES_ERROR;
				CLANG_WARN_QUOTED_INCLUDE_IN_FRAMEWORK_HEADER = YES;
				CLANG_WARN_RANGE_LOOP_ANALYSIS = YES;
				CLANG_WARN_STRICT_PROTOTYPES = YES;
				CLANG_WARN_SUSPICIOUS_MOVE = YES;
				CLANG_WARN_UNGUARDED_AVAILABILITY = YES_AGGRESSIVE;
				CLANG_WARN_UNREACHABLE_CODE = YES;
				CLANG_WARN__DUPLICATE_METHOD_MATCH = YES;
				COPY_PHASE_STRIP = NO;
				DEBUG_INFORMATION_FORMAT = dwarf;
				ENABLE_STRICT_OBJC_MSGSEND = YES;
				ENABLE_TESTABILITY = YES;
				GCC_C_LANGUAGE_STANDARD = gnu11;
				GCC_DYNAMIC_NO_PIC = NO;
				GCC_NO_COMMON_BLOCKS = YES;
				GCC_OPTIMIZATION_LEVEL = 0;
				GCC_PREPROCESSOR_DEFINITIONS = (
					"DEBUG=1",
					"$(inherited)",
				);
				GCC_WARN_64_TO_32_BIT_CONVERSION = YES;
				GCC_WARN_ABOUT_RETURN_TYPE = YES_ERROR;
				GCC_WARN_UNDECLARED_SELECTOR = YES;
				GCC_WARN_UNINITIALIZED_AUTOS = YES_AGGRESSIVE;
				GCC_WARN_UNUSED_FUNCTION = YES;
				GCC_WARN_UNUSED_VARIABLE = YES;
				IPHONEOS_DEPLOYMENT_TARGET = 14.2;
				MTL_ENABLE_DEBUG_INFO = INCLUDE_SOURCE;
				MTL_FAST_MATH = YES;
				ONLY_ACTIVE_ARCH = YES;
				SDKROOT = iphoneos;
				SWIFT_ACTIVE_COMPILATION_CONDITIONS = DEBUG;
				SWIFT_OPTIMIZATION_LEVEL = "-Onone";
			};
			name = Debug;
		};
		7F9F423D25879BCA0014B79E /* Release */ = {
			isa = XCBuildConfiguration;
			buildSettings = {
				ALWAYS_SEARCH_USER_PATHS = NO;
				CLANG_ANALYZER_NONNULL = YES;
				CLANG_ANALYZER_NUMBER_OBJECT_CONVERSION = YES_AGGRESSIVE;
				CLANG_CXX_LANGUAGE_STANDARD = "gnu++14";
				CLANG_CXX_LIBRARY = "libc++";
				CLANG_ENABLE_MODULES = YES;
				CLANG_ENABLE_OBJC_ARC = YES;
				CLANG_ENABLE_OBJC_WEAK = YES;
				CLANG_WARN_BLOCK_CAPTURE_AUTORELEASING = YES;
				CLANG_WARN_BOOL_CONVERSION = YES;
				CLANG_WARN_COMMA = YES;
				CLANG_WARN_CONSTANT_CONVERSION = YES;
				CLANG_WARN_DEPRECATED_OBJC_IMPLEMENTATIONS = YES;
				CLANG_WARN_DIRECT_OBJC_ISA_USAGE = YES_ERROR;
				CLANG_WARN_DOCUMENTATION_COMMENTS = YES;
				CLANG_WARN_EMPTY_BODY = YES;
				CLANG_WARN_ENUM_CONVERSION = YES;
				CLANG_WARN_INFINITE_RECURSION = YES;
				CLANG_WARN_INT_CONVERSION = YES;
				CLANG_WARN_NON_LITERAL_NULL_CONVERSION = YES;
				CLANG_WARN_OBJC_IMPLICIT_RETAIN_SELF = YES;
				CLANG_WARN_OBJC_LITERAL_CONVERSION = YES;
				CLANG_WARN_OBJC_ROOT_CLASS = YES_ERROR;
				CLANG_WARN_QUOTED_INCLUDE_IN_FRAMEWORK_HEADER = YES;
				CLANG_WARN_RANGE_LOOP_ANALYSIS = YES;
				CLANG_WARN_STRICT_PROTOTYPES = YES;
				CLANG_WARN_SUSPICIOUS_MOVE = YES;
				CLANG_WARN_UNGUARDED_AVAILABILITY = YES_AGGRESSIVE;
				CLANG_WARN_UNREACHABLE_CODE = YES;
				CLANG_WARN__DUPLICATE_METHOD_MATCH = YES;
				COPY_PHASE_STRIP = NO;
				DEBUG_INFORMATION_FORMAT = "dwarf-with-dsym";
				ENABLE_NS_ASSERTIONS = NO;
				ENABLE_STRICT_OBJC_MSGSEND = YES;
				GCC_C_LANGUAGE_STANDARD = gnu11;
				GCC_NO_COMMON_BLOCKS = YES;
				GCC_WARN_64_TO_32_BIT_CONVERSION = YES;
				GCC_WARN_ABOUT_RETURN_TYPE = YES_ERROR;
				GCC_WARN_UNDECLARED_SELECTOR = YES;
				GCC_WARN_UNINITIALIZED_AUTOS = YES_AGGRESSIVE;
				GCC_WARN_UNUSED_FUNCTION = YES;
				GCC_WARN_UNUSED_VARIABLE = YES;
				IPHONEOS_DEPLOYMENT_TARGET = 14.2;
				MTL_ENABLE_DEBUG_INFO = NO;
				MTL_FAST_MATH = YES;
				SDKROOT = iphoneos;
				SWIFT_COMPILATION_MODE = wholemodule;
				SWIFT_OPTIMIZATION_LEVEL = "-O";
				VALIDATE_PRODUCT = YES;
			};
			name = Release;
		};
		7F9F423F25879BCA0014B79E /* Debug */ = {
			isa = XCBuildConfiguration;
			buildSettings = {
				ASSETCATALOG_COMPILER_APPICON_NAME = AppIcon;
				ASSETCATALOG_COMPILER_GLOBAL_ACCENT_COLOR_NAME = AccentColor;
				CODE_SIGN_STYLE = Automatic;
				DEVELOPMENT_ASSET_PATHS = "\"LunchAndDinner/Preview Content\"";
				DEVELOPMENT_TEAM = 8LQD4W8MAQ;
				ENABLE_PREVIEWS = YES;
				INFOPLIST_FILE = LunchAndDinner/Info.plist;
				IPHONEOS_DEPLOYMENT_TARGET = 14.0;
				LD_RUNPATH_SEARCH_PATHS = (
					"$(inherited)",
					"@executable_path/Frameworks",
				);
				PRODUCT_BUNDLE_IDENTIFIER = myhandmade.LunchAndDinner;
				PRODUCT_NAME = "$(TARGET_NAME)";
				SWIFT_VERSION = 5.0;
				TARGETED_DEVICE_FAMILY = "1,2";
			};
			name = Debug;
		};
		7F9F424025879BCA0014B79E /* Release */ = {
			isa = XCBuildConfiguration;
			buildSettings = {
				ASSETCATALOG_COMPILER_APPICON_NAME = AppIcon;
				ASSETCATALOG_COMPILER_GLOBAL_ACCENT_COLOR_NAME = AccentColor;
				CODE_SIGN_STYLE = Automatic;
				DEVELOPMENT_ASSET_PATHS = "\"LunchAndDinner/Preview Content\"";
				DEVELOPMENT_TEAM = 8LQD4W8MAQ;
				ENABLE_PREVIEWS = YES;
				INFOPLIST_FILE = LunchAndDinner/Info.plist;
				IPHONEOS_DEPLOYMENT_TARGET = 14.0;
				LD_RUNPATH_SEARCH_PATHS = (
					"$(inherited)",
					"@executable_path/Frameworks",
				);
				PRODUCT_BUNDLE_IDENTIFIER = myhandmade.LunchAndDinner;
				PRODUCT_NAME = "$(TARGET_NAME)";
				SWIFT_VERSION = 5.0;
				TARGETED_DEVICE_FAMILY = "1,2";
			};
			name = Release;
		};
/* End XCBuildConfiguration section */

/* Begin XCConfigurationList section */
		7F9F422525879BC30014B79E /* Build configuration list for PBXProject "LunchAndDinner" */ = {
			isa = XCConfigurationList;
			buildConfigurations = (
				7F9F423C25879BCA0014B79E /* Debug */,
				7F9F423D25879BCA0014B79E /* Release */,
			);
			defaultConfigurationIsVisible = 0;
			defaultConfigurationName = Release;
		};
		7F9F423E25879BCA0014B79E /* Build configuration list for PBXNativeTarget "LunchAndDinner" */ = {
			isa = XCConfigurationList;
			buildConfigurations = (
				7F9F423F25879BCA0014B79E /* Debug */,
				7F9F424025879BCA0014B79E /* Release */,
			);
			defaultConfigurationIsVisible = 0;
			defaultConfigurationName = Release;
		};
/* End XCConfigurationList section */

/* Begin XCVersionGroup section */
		7F1073D7259D572D00D7A33A /* Meals.xcdatamodeld */ = {
			isa = XCVersionGroup;
			children = (
				7F1073D8259D572D00D7A33A /* Meals.xcdatamodel */,
			);
			currentVersion = 7F1073D8259D572D00D7A33A /* Meals.xcdatamodel */;
			path = Meals.xcdatamodeld;
			sourceTree = "<group>";
			versionGroupType = wrapper.xcdatamodel;
		};
/* End XCVersionGroup section */
	};
	rootObject = 7F9F422225879BC30014B79E /* Project object */;
}
